// !$*UTF8*$!
{
	archiveVersion = 1;
	classes = {
	};
	objectVersion = 46;
	objects = {

/* Begin PBXBuildFile section */
		2C18DF0B1DB194CB009FDE9B /* TBCObserverCollectionTests.m in Sources */ = {isa = PBXBuildFile; fileRef = 2C18DF0A1DB194CB009FDE9B /* TBCObserverCollectionTests.m */; };
		2C18DF0C1DB194CB009FDE9B /* TBCObserverCollectionTests.m in Sources */ = {isa = PBXBuildFile; fileRef = 2C18DF0A1DB194CB009FDE9B /* TBCObserverCollectionTests.m */; };
		2C8DC8FF1DA6528700951A58 /* TBCDeallocNotifier.h in Headers */ = {isa = PBXBuildFile; fileRef = 2C8DC8FD1DA6528700951A58 /* TBCDeallocNotifier.h */; };
		2C8DC9001DA6528700951A58 /* TBCDeallocNotifier.m in Sources */ = {isa = PBXBuildFile; fileRef = 2C8DC8FE1DA6528700951A58 /* TBCDeallocNotifier.m */; };
		2C8DC9011DA6528700951A58 /* TBCDeallocNotifier.m in Sources */ = {isa = PBXBuildFile; fileRef = 2C8DC8FE1DA6528700951A58 /* TBCDeallocNotifier.m */; };
		2C8DC9061DA6537C00951A58 /* TBCDeallocNotifierTests.m in Sources */ = {isa = PBXBuildFile; fileRef = 2C8DC9051DA6537C00951A58 /* TBCDeallocNotifierTests.m */; };
		2C8DC9071DA6537C00951A58 /* TBCDeallocNotifierTests.m in Sources */ = {isa = PBXBuildFile; fileRef = 2C8DC9051DA6537C00951A58 /* TBCDeallocNotifierTests.m */; };
		2CBF0C141D6C313500C45795 /* TBCApplicationVersionTests.m in Sources */ = {isa = PBXBuildFile; fileRef = 2CBF0C131D6C313500C45795 /* TBCApplicationVersionTests.m */; };
		2CBF0C151D6C313500C45795 /* TBCApplicationVersionTests.m in Sources */ = {isa = PBXBuildFile; fileRef = 2CBF0C131D6C313500C45795 /* TBCApplicationVersionTests.m */; };
		A3017FCE1A84663D0055A22A /* NSMutableDictionary+TBCCore.h in Headers */ = {isa = PBXBuildFile; fileRef = A3017FCC1A84663D0055A22A /* NSMutableDictionary+TBCCore.h */; };
		A3017FCF1A84663D0055A22A /* NSMutableDictionary+TBCCore.m in Sources */ = {isa = PBXBuildFile; fileRef = A3017FCD1A84663D0055A22A /* NSMutableDictionary+TBCCore.m */; };
		A3017FD01A84663D0055A22A /* NSMutableDictionary+TBCCore.m in Sources */ = {isa = PBXBuildFile; fileRef = A3017FCD1A84663D0055A22A /* NSMutableDictionary+TBCCore.m */; };
		A3084F751987E2EB00C30AFA /* TBCCore.h in CopyFiles */ = {isa = PBXBuildFile; fileRef = A3084F741987E2EB00C30AFA /* TBCCore.h */; };
		A3084F7E1987E2EB00C30AFA /* XCTest.framework in Frameworks */ = {isa = PBXBuildFile; fileRef = A3084F7D1987E2EB00C30AFA /* XCTest.framework */; };
		A3084F7F1987E2EB00C30AFA /* Foundation.framework in Frameworks */ = {isa = PBXBuildFile; fileRef = A3084F6F1987E2EB00C30AFA /* Foundation.framework */; };
		A3084F841987E2EB00C30AFA /* libTBCCore-iOS.a in Frameworks */ = {isa = PBXBuildFile; fileRef = A3084F6C1987E2EB00C30AFA /* libTBCCore-iOS.a */; };
		A30AF174199B195400E2E356 /* TBCTimer.h in Headers */ = {isa = PBXBuildFile; fileRef = A30AF172199B195400E2E356 /* TBCTimer.h */; };
		A30AF175199B195400E2E356 /* TBCTimer.m in Sources */ = {isa = PBXBuildFile; fileRef = A30AF173199B195400E2E356 /* TBCTimer.m */; };
		A30AF176199B195400E2E356 /* TBCTimer.m in Sources */ = {isa = PBXBuildFile; fileRef = A30AF173199B195400E2E356 /* TBCTimer.m */; };
		A30AF179199B53F000E2E356 /* TBCDispatch.h in Headers */ = {isa = PBXBuildFile; fileRef = A30AF177199B53F000E2E356 /* TBCDispatch.h */; };
		A30AF17A199B53F000E2E356 /* TBCDispatch.m in Sources */ = {isa = PBXBuildFile; fileRef = A30AF178199B53F000E2E356 /* TBCDispatch.m */; };
		A30AF17B199B53F000E2E356 /* TBCDispatch.m in Sources */ = {isa = PBXBuildFile; fileRef = A30AF178199B53F000E2E356 /* TBCDispatch.m */; };
		A30AF180199B88F500E2E356 /* TBCTimerTests.m in Sources */ = {isa = PBXBuildFile; fileRef = A30AF17F199B88F500E2E356 /* TBCTimerTests.m */; };
		A30AF181199B88F500E2E356 /* TBCTimerTests.m in Sources */ = {isa = PBXBuildFile; fileRef = A30AF17F199B88F500E2E356 /* TBCTimerTests.m */; };
		A31013F519E60F7D00092156 /* TBCCurrencyFormatter.h in Headers */ = {isa = PBXBuildFile; fileRef = A31013F319E60F7D00092156 /* TBCCurrencyFormatter.h */; };
		A31013F619E60F7D00092156 /* TBCCurrencyFormatter.m in Sources */ = {isa = PBXBuildFile; fileRef = A31013F419E60F7D00092156 /* TBCCurrencyFormatter.m */; };
		A31013F719E60F7D00092156 /* TBCCurrencyFormatter.m in Sources */ = {isa = PBXBuildFile; fileRef = A31013F419E60F7D00092156 /* TBCCurrencyFormatter.m */; };
		A32272EA1ADF873A00CBF58F /* NSDictionary+TBCCore.h in Headers */ = {isa = PBXBuildFile; fileRef = A32272E81ADF873A00CBF58F /* NSDictionary+TBCCore.h */; };
		A32272EB1ADF873A00CBF58F /* NSDictionary+TBCCore.m in Sources */ = {isa = PBXBuildFile; fileRef = A32272E91ADF873A00CBF58F /* NSDictionary+TBCCore.m */; };
		A32272EC1ADF873A00CBF58F /* NSDictionary+TBCCore.m in Sources */ = {isa = PBXBuildFile; fileRef = A32272E91ADF873A00CBF58F /* NSDictionary+TBCCore.m */; };
		A34F8DE01AF09FCF006A46C5 /* NSSet+TBCCore.h in Headers */ = {isa = PBXBuildFile; fileRef = A34F8DDE1AF09FCF006A46C5 /* NSSet+TBCCore.h */; };
		A34F8DE11AF09FCF006A46C5 /* NSSet+TBCCore.m in Sources */ = {isa = PBXBuildFile; fileRef = A34F8DDF1AF09FCF006A46C5 /* NSSet+TBCCore.m */; };
		A34F8DE21AF09FCF006A46C5 /* NSSet+TBCCore.m in Sources */ = {isa = PBXBuildFile; fileRef = A34F8DDF1AF09FCF006A46C5 /* NSSet+TBCCore.m */; };
		A37001811A2D38FA0091B978 /* NSArray+TBCCore.m in Sources */ = {isa = PBXBuildFile; fileRef = A37001801A2D38FA0091B978 /* NSArray+TBCCore.m */; };
		A37001831A2D40700091B978 /* NSArray+TBCCoreTests.m in Sources */ = {isa = PBXBuildFile; fileRef = A37001821A2D40700091B978 /* NSArray+TBCCoreTests.m */; };
		A37001841A2D40820091B978 /* NSArray+TBCCoreTests.m in Sources */ = {isa = PBXBuildFile; fileRef = A37001821A2D40700091B978 /* NSArray+TBCCoreTests.m */; };
		A377E0D019925129007F2F47 /* TBCTypeSafety.h in Headers */ = {isa = PBXBuildFile; fileRef = A377E0CE19925129007F2F47 /* TBCTypeSafety.h */; };
		A377E0D119925129007F2F47 /* TBCTypeSafety.m in Sources */ = {isa = PBXBuildFile; fileRef = A377E0CF19925129007F2F47 /* TBCTypeSafety.m */; };
		A377E0D219925129007F2F47 /* TBCTypeSafety.m in Sources */ = {isa = PBXBuildFile; fileRef = A377E0CF19925129007F2F47 /* TBCTypeSafety.m */; };
		A377E0D419925131007F2F47 /* TBCTypeSafetyTests.m in Sources */ = {isa = PBXBuildFile; fileRef = A377E0D319925131007F2F47 /* TBCTypeSafetyTests.m */; };
		A377E0D519925131007F2F47 /* TBCTypeSafetyTests.m in Sources */ = {isa = PBXBuildFile; fileRef = A377E0D319925131007F2F47 /* TBCTypeSafetyTests.m */; };
		A377E0D81992529D007F2F47 /* TBCTimeInterval.h in Headers */ = {isa = PBXBuildFile; fileRef = A377E0D61992529D007F2F47 /* TBCTimeInterval.h */; };
		A377E0D91992529D007F2F47 /* TBCTimeInterval.m in Sources */ = {isa = PBXBuildFile; fileRef = A377E0D71992529D007F2F47 /* TBCTimeInterval.m */; };
		A377E0DA1992529D007F2F47 /* TBCTimeInterval.m in Sources */ = {isa = PBXBuildFile; fileRef = A377E0D71992529D007F2F47 /* TBCTimeInterval.m */; };
		A377E0DC199253ED007F2F47 /* TBCAlertView.h in Headers */ = {isa = PBXBuildFile; fileRef = A377E0DB199253ED007F2F47 /* TBCAlertView.h */; };
		A377E0DF199253F2007F2F47 /* TBCAlertView-ios.m in Sources */ = {isa = PBXBuildFile; fileRef = A377E0DD199253F2007F2F47 /* TBCAlertView-ios.m */; };
		A377E0E2199253F2007F2F47 /* TBCAlertView-mac.m in Sources */ = {isa = PBXBuildFile; fileRef = A377E0DE199253F2007F2F47 /* TBCAlertView-mac.m */; };
		A381B3511A2D435D002BCE00 /* NSArray+TBCCore.m in Sources */ = {isa = PBXBuildFile; fileRef = A37001801A2D38FA0091B978 /* NSArray+TBCCore.m */; };
		A38B6CB71A70B6AD008717C7 /* TBCPredicateBlock.h in Headers */ = {isa = PBXBuildFile; fileRef = A38B6CB51A70B6AD008717C7 /* TBCPredicateBlock.h */; };
		A38B6CB81A70B6AD008717C7 /* TBCPredicateBlock.m in Sources */ = {isa = PBXBuildFile; fileRef = A38B6CB61A70B6AD008717C7 /* TBCPredicateBlock.m */; };
		A38B6CB91A70B6AD008717C7 /* TBCPredicateBlock.m in Sources */ = {isa = PBXBuildFile; fileRef = A38B6CB61A70B6AD008717C7 /* TBCPredicateBlock.m */; };
		A3A6BE181987EE280073C4DB /* TBCCoreExampleViewController.m in Sources */ = {isa = PBXBuildFile; fileRef = A3A6BE171987EE280073C4DB /* TBCCoreExampleViewController.m */; };
		A3C776E61D3A50740044AB4F /* TBCNotificationCenterObservation.h in Headers */ = {isa = PBXBuildFile; fileRef = A3C776E41D3A50740044AB4F /* TBCNotificationCenterObservation.h */; };
		A3C776E71D3A50740044AB4F /* TBCNotificationCenterObservation.m in Sources */ = {isa = PBXBuildFile; fileRef = A3C776E51D3A50740044AB4F /* TBCNotificationCenterObservation.m */; };
		A3C776E81D3A50740044AB4F /* TBCNotificationCenterObservation.m in Sources */ = {isa = PBXBuildFile; fileRef = A3C776E51D3A50740044AB4F /* TBCNotificationCenterObservation.m */; };
		A3C9ABCB1A688838002323ED /* TBCStopwatch.h in Headers */ = {isa = PBXBuildFile; fileRef = A3C9ABC91A688838002323ED /* TBCStopwatch.h */; };
		A3C9ABCC1A688838002323ED /* TBCStopwatch.m in Sources */ = {isa = PBXBuildFile; fileRef = A3C9ABCA1A688838002323ED /* TBCStopwatch.m */; };
		A3C9ABCD1A688838002323ED /* TBCStopwatch.m in Sources */ = {isa = PBXBuildFile; fileRef = A3C9ABCA1A688838002323ED /* TBCStopwatch.m */; };
		A3DA9C281C7ADDDC00CA0F09 /* TBCCancellable.h in Headers */ = {isa = PBXBuildFile; fileRef = A3DA9C261C7ADDDC00CA0F09 /* TBCCancellable.h */; };
		A3DA9C291C7ADDDC00CA0F09 /* TBCCancellable.m in Sources */ = {isa = PBXBuildFile; fileRef = A3DA9C271C7ADDDC00CA0F09 /* TBCCancellable.m */; };
		A3DA9C2A1C7ADDDC00CA0F09 /* TBCCancellable.m in Sources */ = {isa = PBXBuildFile; fileRef = A3DA9C271C7ADDDC00CA0F09 /* TBCCancellable.m */; };
		A3DBD4A01987E68C00EDCAD2 /* XCTest.framework in Frameworks */ = {isa = PBXBuildFile; fileRef = A3084F7D1987E2EB00C30AFA /* XCTest.framework */; };
		A3DBD4A41987E68C00EDCAD2 /* libTBCCore-mac.a in Frameworks */ = {isa = PBXBuildFile; fileRef = A3DBD48E1987E68B00EDCAD2 /* libTBCCore-mac.a */; };
		A3DBD4B51987E9EC00EDCAD2 /* Foundation.framework in Frameworks */ = {isa = PBXBuildFile; fileRef = A3084F6F1987E2EB00C30AFA /* Foundation.framework */; };
		A3DBD4BB1987EA6F00EDCAD2 /* Foundation.framework in Frameworks */ = {isa = PBXBuildFile; fileRef = A3084F6F1987E2EB00C30AFA /* Foundation.framework */; };
		A3DBD4BD1987EA6F00EDCAD2 /* CoreGraphics.framework in Frameworks */ = {isa = PBXBuildFile; fileRef = A3DBD4BC1987EA6F00EDCAD2 /* CoreGraphics.framework */; };
		A3DBD4BF1987EA6F00EDCAD2 /* UIKit.framework in Frameworks */ = {isa = PBXBuildFile; fileRef = A3DBD4BE1987EA6F00EDCAD2 /* UIKit.framework */; };
		A3DBD4C71987EA6F00EDCAD2 /* main.m in Sources */ = {isa = PBXBuildFile; fileRef = A3DBD4C61987EA6F00EDCAD2 /* main.m */; };
		A3DBD4CB1987EA6F00EDCAD2 /* TBCCoreExampleAppDelegate.m in Sources */ = {isa = PBXBuildFile; fileRef = A3DBD4CA1987EA6F00EDCAD2 /* TBCCoreExampleAppDelegate.m */; };
		A3DBD4CD1987EA6F00EDCAD2 /* Images.xcassets in Resources */ = {isa = PBXBuildFile; fileRef = A3DBD4CC1987EA6F00EDCAD2 /* Images.xcassets */; };
		A3DBD4D31987EA6F00EDCAD2 /* XCTest.framework in Frameworks */ = {isa = PBXBuildFile; fileRef = A3084F7D1987E2EB00C30AFA /* XCTest.framework */; };
		A3DBD4D41987EA6F00EDCAD2 /* Foundation.framework in Frameworks */ = {isa = PBXBuildFile; fileRef = A3084F6F1987E2EB00C30AFA /* Foundation.framework */; };
		A3DBD4D51987EA6F00EDCAD2 /* UIKit.framework in Frameworks */ = {isa = PBXBuildFile; fileRef = A3DBD4BE1987EA6F00EDCAD2 /* UIKit.framework */; };
		A3DBD4DF1987EA6F00EDCAD2 /* TBCCoreExampleTests.m in Sources */ = {isa = PBXBuildFile; fileRef = A3DBD4DE1987EA6F00EDCAD2 /* TBCCoreExampleTests.m */; };
		D409CF861AB119FE009D214A /* NSMutableDictionary+TBCCoreTests.m in Sources */ = {isa = PBXBuildFile; fileRef = D409CF851AB119FE009D214A /* NSMutableDictionary+TBCCoreTests.m */; };
		D409CF871AB119FE009D214A /* NSMutableDictionary+TBCCoreTests.m in Sources */ = {isa = PBXBuildFile; fileRef = D409CF851AB119FE009D214A /* NSMutableDictionary+TBCCoreTests.m */; };
		FD02DF231DA4ABAB00406D88 /* TBCObserverCollection.h in Headers */ = {isa = PBXBuildFile; fileRef = FD02DF211DA4ABAB00406D88 /* TBCObserverCollection.h */; };
		FD02DF241DA4ABAB00406D88 /* TBCObserverCollection.m in Sources */ = {isa = PBXBuildFile; fileRef = FD02DF221DA4ABAB00406D88 /* TBCObserverCollection.m */; };
		FD02DF251DA4ABAB00406D88 /* TBCObserverCollection.m in Sources */ = {isa = PBXBuildFile; fileRef = FD02DF221DA4ABAB00406D88 /* TBCObserverCollection.m */; };
		FD36DDC01D6C270E007E1381 /* TBCApplicationVersion.h in Headers */ = {isa = PBXBuildFile; fileRef = FD36DDBE1D6C270E007E1381 /* TBCApplicationVersion.h */; };
		FD36DDC11D6C270E007E1381 /* TBCApplicationVersion.m in Sources */ = {isa = PBXBuildFile; fileRef = FD36DDBF1D6C270E007E1381 /* TBCApplicationVersion.m */; };
		FD36DDC21D6C270E007E1381 /* TBCApplicationVersion.m in Sources */ = {isa = PBXBuildFile; fileRef = FD36DDBF1D6C270E007E1381 /* TBCApplicationVersion.m */; };
		FD4936BB1999BAB40079A886 /* TBCObjC.h in Headers */ = {isa = PBXBuildFile; fileRef = FD4936B91999BAB40079A886 /* TBCObjC.h */; };
		FD4936BC1999BAB40079A886 /* TBCObjC.m in Sources */ = {isa = PBXBuildFile; fileRef = FD4936BA1999BAB40079A886 /* TBCObjC.m */; };
		FD4936BD1999BAB40079A886 /* TBCObjC.m in Sources */ = {isa = PBXBuildFile; fileRef = FD4936BA1999BAB40079A886 /* TBCObjC.m */; };
		FD4936BF1999CEB80079A886 /* TBCObjCTests.m in Sources */ = {isa = PBXBuildFile; fileRef = FD4936BE1999CEB80079A886 /* TBCObjCTests.m */; };
		FD4936C01999CEB80079A886 /* TBCObjCTests.m in Sources */ = {isa = PBXBuildFile; fileRef = FD4936BE1999CEB80079A886 /* TBCObjCTests.m */; };
		FD4936CB1999D4460079A886 /* TBCDelayedDispatcher.h in Headers */ = {isa = PBXBuildFile; fileRef = FD4936C91999D4460079A886 /* TBCDelayedDispatcher.h */; };
		FD4936CC1999D4460079A886 /* TBCDelayedDispatcher.m in Sources */ = {isa = PBXBuildFile; fileRef = FD4936CA1999D4460079A886 /* TBCDelayedDispatcher.m */; };
		FD4936CD1999D4460079A886 /* TBCDelayedDispatcher.m in Sources */ = {isa = PBXBuildFile; fileRef = FD4936CA1999D4460079A886 /* TBCDelayedDispatcher.m */; };
		FD4936DF199AE3920079A886 /* TBCDelayedDispatcherTests.m in Sources */ = {isa = PBXBuildFile; fileRef = FD4936DE199AE3920079A886 /* TBCDelayedDispatcherTests.m */; };
		FD4936E0199AE3920079A886 /* TBCDelayedDispatcherTests.m in Sources */ = {isa = PBXBuildFile; fileRef = FD4936DE199AE3920079A886 /* TBCDelayedDispatcherTests.m */; };
		FD4A893419B548D100D070E2 /* TBCActionSheet-ios.m in Sources */ = {isa = PBXBuildFile; fileRef = FD4A893319B548D100D070E2 /* TBCActionSheet-ios.m */; };
		FD4A893519B548E200D070E2 /* TBCActionSheet.h in Headers */ = {isa = PBXBuildFile; fileRef = FD4A893219B548D100D070E2 /* TBCActionSheet.h */; };
		FD4AA4F51C50B0540038B9A0 /* TBCMonetaryValue.h in Headers */ = {isa = PBXBuildFile; fileRef = FD4AA4F31C50B0540038B9A0 /* TBCMonetaryValue.h */; };
		FD4AA4F61C50B0540038B9A0 /* TBCMonetaryValue.m in Sources */ = {isa = PBXBuildFile; fileRef = FD4AA4F41C50B0540038B9A0 /* TBCMonetaryValue.m */; };
		FD4AA4F71C50B0540038B9A0 /* TBCMonetaryValue.m in Sources */ = {isa = PBXBuildFile; fileRef = FD4AA4F41C50B0540038B9A0 /* TBCMonetaryValue.m */; };
		FD4AA4FB1C51B6110038B9A0 /* TBCMonetaryValueTests.m in Sources */ = {isa = PBXBuildFile; fileRef = FD4AA4FA1C51B6110038B9A0 /* TBCMonetaryValueTests.m */; };
		FD4AA4FC1C51B6110038B9A0 /* TBCMonetaryValueTests.m in Sources */ = {isa = PBXBuildFile; fileRef = FD4AA4FA1C51B6110038B9A0 /* TBCMonetaryValueTests.m */; };
		FD56C8B619C7FD04008E9B11 /* TBCPersistenceURLProvider.h in Headers */ = {isa = PBXBuildFile; fileRef = FD56C8B419C7FD04008E9B11 /* TBCPersistenceURLProvider.h */; };
		FD56C8B719C7FD04008E9B11 /* TBCPersistenceURLProvider.m in Sources */ = {isa = PBXBuildFile; fileRef = FD56C8B519C7FD04008E9B11 /* TBCPersistenceURLProvider.m */; };
		FD56C8B819C7FD04008E9B11 /* TBCPersistenceURLProvider.m in Sources */ = {isa = PBXBuildFile; fileRef = FD56C8B519C7FD04008E9B11 /* TBCPersistenceURLProvider.m */; };
		FDA926851ADE174600C1BEE0 /* NSMapTable+TBCCore.m in Sources */ = {isa = PBXBuildFile; fileRef = FDA926841ADE174600C1BEE0 /* NSMapTable+TBCCore.m */; };
		FDBDE17A19EB4E3C009A2236 /* TBCDebugging.h in Headers */ = {isa = PBXBuildFile; fileRef = FDBDE17819EB4E3C009A2236 /* TBCDebugging.h */; };
		FDBDE17B19EB4E3C009A2236 /* TBCDebugging.m in Sources */ = {isa = PBXBuildFile; fileRef = FDBDE17919EB4E3C009A2236 /* TBCDebugging.m */; };
		FDBDE17C19EB4E3C009A2236 /* TBCDebugging.m in Sources */ = {isa = PBXBuildFile; fileRef = FDBDE17919EB4E3C009A2236 /* TBCDebugging.m */; };
		FDFFE7AA1ACCDB3F00F8B782 /* NSString+TBCCore.m in Sources */ = {isa = PBXBuildFile; fileRef = FDFFE7A91ACCDB3F00F8B782 /* NSString+TBCCore.m */; };
/* End PBXBuildFile section */

/* Begin PBXContainerItemProxy section */
		A3084F821987E2EB00C30AFA /* PBXContainerItemProxy */ = {
			isa = PBXContainerItemProxy;
			containerPortal = A3084F641987E2EB00C30AFA /* Project object */;
			proxyType = 1;
			remoteGlobalIDString = A3084F6B1987E2EB00C30AFA;
			remoteInfo = TBCCore;
		};
		A377E1381994F0F2007F2F47 /* PBXContainerItemProxy */ = {
			isa = PBXContainerItemProxy;
			containerPortal = A377E0E819931308007F2F47 /* TBCCoreExample-iOS-eggs.xcodeproj */;
			proxyType = 2;
			remoteGlobalIDString = 838AFA372D2ADAB9B3E92A39;
			remoteInfo = "TBCCoreExample-iOS-eggs";
		};
		A3DBD4A21987E68C00EDCAD2 /* PBXContainerItemProxy */ = {
			isa = PBXContainerItemProxy;
			containerPortal = A3084F641987E2EB00C30AFA /* Project object */;
			proxyType = 1;
			remoteGlobalIDString = A3DBD48D1987E68B00EDCAD2;
			remoteInfo = "TBCCore-mac";
		};
		A3DBD4D61987EA6F00EDCAD2 /* PBXContainerItemProxy */ = {
			isa = PBXContainerItemProxy;
			containerPortal = A3084F641987E2EB00C30AFA /* Project object */;
			proxyType = 1;
			remoteGlobalIDString = A3DBD4B91987EA6F00EDCAD2;
			remoteInfo = "TBCCore Example";
		};
/* End PBXContainerItemProxy section */

/* Begin PBXCopyFilesBuildPhase section */
		A3084F6A1987E2EB00C30AFA /* CopyFiles */ = {
			isa = PBXCopyFilesBuildPhase;
			buildActionMask = 2147483647;
			dstPath = "include/$(PRODUCT_NAME)";
			dstSubfolderSpec = 16;
			files = (
				A3084F751987E2EB00C30AFA /* TBCCore.h in CopyFiles */,
			);
			runOnlyForDeploymentPostprocessing = 0;
		};
/* End PBXCopyFilesBuildPhase section */

/* Begin PBXFileReference section */
		2C18DF0A1DB194CB009FDE9B /* TBCObserverCollectionTests.m */ = {isa = PBXFileReference; fileEncoding = 4; lastKnownFileType = sourcecode.c.objc; path = TBCObserverCollectionTests.m; sourceTree = "<group>"; };
		2C8DC8FD1DA6528700951A58 /* TBCDeallocNotifier.h */ = {isa = PBXFileReference; fileEncoding = 4; lastKnownFileType = sourcecode.c.h; path = TBCDeallocNotifier.h; sourceTree = "<group>"; };
		2C8DC8FE1DA6528700951A58 /* TBCDeallocNotifier.m */ = {isa = PBXFileReference; fileEncoding = 4; lastKnownFileType = sourcecode.c.objc; path = TBCDeallocNotifier.m; sourceTree = "<group>"; };
		2C8DC9051DA6537C00951A58 /* TBCDeallocNotifierTests.m */ = {isa = PBXFileReference; fileEncoding = 4; lastKnownFileType = sourcecode.c.objc; path = TBCDeallocNotifierTests.m; sourceTree = "<group>"; };
		2CBF0C131D6C313500C45795 /* TBCApplicationVersionTests.m */ = {isa = PBXFileReference; fileEncoding = 4; lastKnownFileType = sourcecode.c.objc; path = TBCApplicationVersionTests.m; sourceTree = "<group>"; };
		A3017FCC1A84663D0055A22A /* NSMutableDictionary+TBCCore.h */ = {isa = PBXFileReference; fileEncoding = 4; lastKnownFileType = sourcecode.c.h; path = "NSMutableDictionary+TBCCore.h"; sourceTree = "<group>"; };
		A3017FCD1A84663D0055A22A /* NSMutableDictionary+TBCCore.m */ = {isa = PBXFileReference; fileEncoding = 4; lastKnownFileType = sourcecode.c.objc; path = "NSMutableDictionary+TBCCore.m"; sourceTree = "<group>"; };
		A3084F6C1987E2EB00C30AFA /* libTBCCore-iOS.a */ = {isa = PBXFileReference; explicitFileType = archive.ar; includeInIndex = 0; path = "libTBCCore-iOS.a"; sourceTree = BUILT_PRODUCTS_DIR; };
		A3084F6F1987E2EB00C30AFA /* Foundation.framework */ = {isa = PBXFileReference; lastKnownFileType = wrapper.framework; name = Foundation.framework; path = System/Library/Frameworks/Foundation.framework; sourceTree = SDKROOT; };
		A3084F741987E2EB00C30AFA /* TBCCore.h */ = {isa = PBXFileReference; lastKnownFileType = sourcecode.c.h; path = TBCCore.h; sourceTree = "<group>"; };
		A3084F7C1987E2EB00C30AFA /* TBCCoreTests-iOS.xctest */ = {isa = PBXFileReference; explicitFileType = wrapper.cfbundle; includeInIndex = 0; path = "TBCCoreTests-iOS.xctest"; sourceTree = BUILT_PRODUCTS_DIR; };
		A3084F7D1987E2EB00C30AFA /* XCTest.framework */ = {isa = PBXFileReference; lastKnownFileType = wrapper.framework; name = XCTest.framework; path = Library/Frameworks/XCTest.framework; sourceTree = DEVELOPER_DIR; };
		A3084F871987E2EB00C30AFA /* TBCCoreTests-Info.plist */ = {isa = PBXFileReference; lastKnownFileType = text.plist.xml; path = "TBCCoreTests-Info.plist"; sourceTree = "<group>"; };
		A30AF172199B195400E2E356 /* TBCTimer.h */ = {isa = PBXFileReference; fileEncoding = 4; lastKnownFileType = sourcecode.c.h; path = TBCTimer.h; sourceTree = "<group>"; };
		A30AF173199B195400E2E356 /* TBCTimer.m */ = {isa = PBXFileReference; fileEncoding = 4; lastKnownFileType = sourcecode.c.objc; path = TBCTimer.m; sourceTree = "<group>"; };
		A30AF177199B53F000E2E356 /* TBCDispatch.h */ = {isa = PBXFileReference; fileEncoding = 4; lastKnownFileType = sourcecode.c.h; path = TBCDispatch.h; sourceTree = "<group>"; };
		A30AF178199B53F000E2E356 /* TBCDispatch.m */ = {isa = PBXFileReference; fileEncoding = 4; lastKnownFileType = sourcecode.c.objc; path = TBCDispatch.m; sourceTree = "<group>"; };
		A30AF17F199B88F500E2E356 /* TBCTimerTests.m */ = {isa = PBXFileReference; fileEncoding = 4; lastKnownFileType = sourcecode.c.objc; path = TBCTimerTests.m; sourceTree = "<group>"; };
		A31013F319E60F7D00092156 /* TBCCurrencyFormatter.h */ = {isa = PBXFileReference; fileEncoding = 4; lastKnownFileType = sourcecode.c.h; path = TBCCurrencyFormatter.h; sourceTree = "<group>"; };
		A31013F419E60F7D00092156 /* TBCCurrencyFormatter.m */ = {isa = PBXFileReference; fileEncoding = 4; lastKnownFileType = sourcecode.c.objc; path = TBCCurrencyFormatter.m; sourceTree = "<group>"; };
		A32272E81ADF873A00CBF58F /* NSDictionary+TBCCore.h */ = {isa = PBXFileReference; fileEncoding = 4; lastKnownFileType = sourcecode.c.h; path = "NSDictionary+TBCCore.h"; sourceTree = "<group>"; };
		A32272E91ADF873A00CBF58F /* NSDictionary+TBCCore.m */ = {isa = PBXFileReference; fileEncoding = 4; lastKnownFileType = sourcecode.c.objc; path = "NSDictionary+TBCCore.m"; sourceTree = "<group>"; };
		A34F8DDE1AF09FCF006A46C5 /* NSSet+TBCCore.h */ = {isa = PBXFileReference; fileEncoding = 4; lastKnownFileType = sourcecode.c.h; path = "NSSet+TBCCore.h"; sourceTree = "<group>"; };
		A34F8DDF1AF09FCF006A46C5 /* NSSet+TBCCore.m */ = {isa = PBXFileReference; fileEncoding = 4; lastKnownFileType = sourcecode.c.objc; path = "NSSet+TBCCore.m"; sourceTree = "<group>"; };
		A370017F1A2D38FA0091B978 /* NSArray+TBCCore.h */ = {isa = PBXFileReference; fileEncoding = 4; lastKnownFileType = sourcecode.c.h; path = "NSArray+TBCCore.h"; sourceTree = "<group>"; };
		A37001801A2D38FA0091B978 /* NSArray+TBCCore.m */ = {isa = PBXFileReference; fileEncoding = 4; lastKnownFileType = sourcecode.c.objc; path = "NSArray+TBCCore.m"; sourceTree = "<group>"; };
		A37001821A2D40700091B978 /* NSArray+TBCCoreTests.m */ = {isa = PBXFileReference; fileEncoding = 4; lastKnownFileType = sourcecode.c.objc; path = "NSArray+TBCCoreTests.m"; sourceTree = "<group>"; };
		A377E0CE19925129007F2F47 /* TBCTypeSafety.h */ = {isa = PBXFileReference; fileEncoding = 4; lastKnownFileType = sourcecode.c.h; path = TBCTypeSafety.h; sourceTree = "<group>"; };
		A377E0CF19925129007F2F47 /* TBCTypeSafety.m */ = {isa = PBXFileReference; fileEncoding = 4; lastKnownFileType = sourcecode.c.objc; path = TBCTypeSafety.m; sourceTree = "<group>"; };
		A377E0D319925131007F2F47 /* TBCTypeSafetyTests.m */ = {isa = PBXFileReference; fileEncoding = 4; lastKnownFileType = sourcecode.c.objc; path = TBCTypeSafetyTests.m; sourceTree = "<group>"; };
		A377E0D61992529D007F2F47 /* TBCTimeInterval.h */ = {isa = PBXFileReference; fileEncoding = 4; lastKnownFileType = sourcecode.c.h; path = TBCTimeInterval.h; sourceTree = "<group>"; };
		A377E0D71992529D007F2F47 /* TBCTimeInterval.m */ = {isa = PBXFileReference; fileEncoding = 4; lastKnownFileType = sourcecode.c.objc; path = TBCTimeInterval.m; sourceTree = "<group>"; };
		A377E0DB199253ED007F2F47 /* TBCAlertView.h */ = {isa = PBXFileReference; fileEncoding = 4; lastKnownFileType = sourcecode.c.h; path = TBCAlertView.h; sourceTree = "<group>"; };
		A377E0DD199253F2007F2F47 /* TBCAlertView-ios.m */ = {isa = PBXFileReference; fileEncoding = 4; lastKnownFileType = sourcecode.c.objc; path = "TBCAlertView-ios.m"; sourceTree = "<group>"; };
		A377E0DE199253F2007F2F47 /* TBCAlertView-mac.m */ = {isa = PBXFileReference; fileEncoding = 4; lastKnownFileType = sourcecode.c.objc; path = "TBCAlertView-mac.m"; sourceTree = "<group>"; };
		A377E0E819931308007F2F47 /* TBCCoreExample-iOS-eggs.xcodeproj */ = {isa = PBXFileReference; lastKnownFileType = "wrapper.pb-project"; name = "TBCCoreExample-iOS-eggs.xcodeproj"; path = ".eggs/TBCCoreExample-iOS/TBCCoreExample-iOS-eggs.xcodeproj"; sourceTree = SOURCE_ROOT; };
		A377E11F199457A2007F2F47 /* TBCCoreExample-iOS.eggfile */ = {isa = PBXFileReference; lastKnownFileType = text; path = "TBCCoreExample-iOS.eggfile"; sourceTree = SOURCE_ROOT; };
		A377E1451995C20B007F2F47 /* Project-Debug.xcconfig */ = {isa = PBXFileReference; lastKnownFileType = text.xcconfig; name = "Project-Debug.xcconfig"; path = "Configuration/Project-Debug.xcconfig"; sourceTree = SOURCE_ROOT; };
		A377E1461995C20B007F2F47 /* Project-Release.xcconfig */ = {isa = PBXFileReference; lastKnownFileType = text.xcconfig; name = "Project-Release.xcconfig"; path = "Configuration/Project-Release.xcconfig"; sourceTree = SOURCE_ROOT; };
		A377E1471995C20B007F2F47 /* Project.xcconfig */ = {isa = PBXFileReference; lastKnownFileType = text.xcconfig; name = Project.xcconfig; path = Configuration/Project.xcconfig; sourceTree = SOURCE_ROOT; };
		A377E1481995C20B007F2F47 /* Target-iOS.xcconfig */ = {isa = PBXFileReference; lastKnownFileType = text.xcconfig; name = "Target-iOS.xcconfig"; path = "Configuration/Target-iOS.xcconfig"; sourceTree = SOURCE_ROOT; };
		A377E1491995C20B007F2F47 /* Target-mac.xcconfig */ = {isa = PBXFileReference; lastKnownFileType = text.xcconfig; name = "Target-mac.xcconfig"; path = "Configuration/Target-mac.xcconfig"; sourceTree = SOURCE_ROOT; };
		A377E14A1995C20B007F2F47 /* Warnings.xcconfig */ = {isa = PBXFileReference; lastKnownFileType = text.xcconfig; name = Warnings.xcconfig; path = Configuration/Warnings.xcconfig; sourceTree = SOURCE_ROOT; };
		A377E14B1995C21A007F2F47 /* TBCCoreExample-ios.xcconfig */ = {isa = PBXFileReference; lastKnownFileType = text.xcconfig; name = "TBCCoreExample-ios.xcconfig"; path = "Configuration/TBCCoreExample-ios.xcconfig"; sourceTree = SOURCE_ROOT; };
		A38B6CB51A70B6AD008717C7 /* TBCPredicateBlock.h */ = {isa = PBXFileReference; fileEncoding = 4; lastKnownFileType = sourcecode.c.h; path = TBCPredicateBlock.h; sourceTree = "<group>"; };
		A38B6CB61A70B6AD008717C7 /* TBCPredicateBlock.m */ = {isa = PBXFileReference; fileEncoding = 4; lastKnownFileType = sourcecode.c.objc; path = TBCPredicateBlock.m; sourceTree = "<group>"; };
		A3A6BE161987EE280073C4DB /* TBCCoreExampleViewController.h */ = {isa = PBXFileReference; fileEncoding = 4; lastKnownFileType = sourcecode.c.h; path = TBCCoreExampleViewController.h; sourceTree = "<group>"; };
		A3A6BE171987EE280073C4DB /* TBCCoreExampleViewController.m */ = {isa = PBXFileReference; fileEncoding = 4; lastKnownFileType = sourcecode.c.objc; path = TBCCoreExampleViewController.m; sourceTree = "<group>"; };
		A3C776E41D3A50740044AB4F /* TBCNotificationCenterObservation.h */ = {isa = PBXFileReference; fileEncoding = 4; lastKnownFileType = sourcecode.c.h; path = TBCNotificationCenterObservation.h; sourceTree = "<group>"; };
		A3C776E51D3A50740044AB4F /* TBCNotificationCenterObservation.m */ = {isa = PBXFileReference; fileEncoding = 4; lastKnownFileType = sourcecode.c.objc; path = TBCNotificationCenterObservation.m; sourceTree = "<group>"; };
		A3C9ABC91A688838002323ED /* TBCStopwatch.h */ = {isa = PBXFileReference; fileEncoding = 4; lastKnownFileType = sourcecode.c.h; path = TBCStopwatch.h; sourceTree = "<group>"; };
		A3C9ABCA1A688838002323ED /* TBCStopwatch.m */ = {isa = PBXFileReference; fileEncoding = 4; lastKnownFileType = sourcecode.c.objc; path = TBCStopwatch.m; sourceTree = "<group>"; };
		A3DA9C261C7ADDDC00CA0F09 /* TBCCancellable.h */ = {isa = PBXFileReference; fileEncoding = 4; lastKnownFileType = sourcecode.c.h; path = TBCCancellable.h; sourceTree = "<group>"; };
		A3DA9C271C7ADDDC00CA0F09 /* TBCCancellable.m */ = {isa = PBXFileReference; fileEncoding = 4; lastKnownFileType = sourcecode.c.objc; path = TBCCancellable.m; sourceTree = "<group>"; };
		A3DBD48E1987E68B00EDCAD2 /* libTBCCore-mac.a */ = {isa = PBXFileReference; explicitFileType = archive.ar; includeInIndex = 0; path = "libTBCCore-mac.a"; sourceTree = BUILT_PRODUCTS_DIR; };
		A3DBD49F1987E68C00EDCAD2 /* TBCCoreTests-mac.xctest */ = {isa = PBXFileReference; explicitFileType = wrapper.cfbundle; includeInIndex = 0; path = "TBCCoreTests-mac.xctest"; sourceTree = BUILT_PRODUCTS_DIR; };
		A3DBD4BA1987EA6F00EDCAD2 /* TBCCoreExample-iOS.app */ = {isa = PBXFileReference; explicitFileType = wrapper.application; includeInIndex = 0; path = "TBCCoreExample-iOS.app"; sourceTree = BUILT_PRODUCTS_DIR; };
		A3DBD4BC1987EA6F00EDCAD2 /* CoreGraphics.framework */ = {isa = PBXFileReference; lastKnownFileType = wrapper.framework; name = CoreGraphics.framework; path = System/Library/Frameworks/CoreGraphics.framework; sourceTree = SDKROOT; };
		A3DBD4BE1987EA6F00EDCAD2 /* UIKit.framework */ = {isa = PBXFileReference; lastKnownFileType = wrapper.framework; name = UIKit.framework; path = System/Library/Frameworks/UIKit.framework; sourceTree = SDKROOT; };
		A3DBD4C21987EA6F00EDCAD2 /* TBCCoreExample-Info.plist */ = {isa = PBXFileReference; lastKnownFileType = text.plist.xml; path = "TBCCoreExample-Info.plist"; sourceTree = "<group>"; };
		A3DBD4C61987EA6F00EDCAD2 /* main.m */ = {isa = PBXFileReference; lastKnownFileType = sourcecode.c.objc; path = main.m; sourceTree = "<group>"; };
		A3DBD4C91987EA6F00EDCAD2 /* TBCCoreExampleAppDelegate.h */ = {isa = PBXFileReference; lastKnownFileType = sourcecode.c.h; path = TBCCoreExampleAppDelegate.h; sourceTree = "<group>"; };
		A3DBD4CA1987EA6F00EDCAD2 /* TBCCoreExampleAppDelegate.m */ = {isa = PBXFileReference; lastKnownFileType = sourcecode.c.objc; path = TBCCoreExampleAppDelegate.m; sourceTree = "<group>"; };
		A3DBD4CC1987EA6F00EDCAD2 /* Images.xcassets */ = {isa = PBXFileReference; lastKnownFileType = folder.assetcatalog; path = Images.xcassets; sourceTree = "<group>"; };
		A3DBD4D21987EA6F00EDCAD2 /* TBCCoreExampleTests-iOS.xctest */ = {isa = PBXFileReference; explicitFileType = wrapper.cfbundle; includeInIndex = 0; path = "TBCCoreExampleTests-iOS.xctest"; sourceTree = BUILT_PRODUCTS_DIR; };
		A3DBD4DA1987EA6F00EDCAD2 /* TBCCoreExampleTests-Info.plist */ = {isa = PBXFileReference; lastKnownFileType = text.plist.xml; path = "TBCCoreExampleTests-Info.plist"; sourceTree = "<group>"; };
		A3DBD4DE1987EA6F00EDCAD2 /* TBCCoreExampleTests.m */ = {isa = PBXFileReference; lastKnownFileType = sourcecode.c.objc; path = TBCCoreExampleTests.m; sourceTree = "<group>"; };
		D409CF851AB119FE009D214A /* NSMutableDictionary+TBCCoreTests.m */ = {isa = PBXFileReference; fileEncoding = 4; lastKnownFileType = sourcecode.c.objc; path = "NSMutableDictionary+TBCCoreTests.m"; sourceTree = "<group>"; };
		FD02DF211DA4ABAB00406D88 /* TBCObserverCollection.h */ = {isa = PBXFileReference; fileEncoding = 4; lastKnownFileType = sourcecode.c.h; path = TBCObserverCollection.h; sourceTree = "<group>"; };
		FD02DF221DA4ABAB00406D88 /* TBCObserverCollection.m */ = {isa = PBXFileReference; fileEncoding = 4; lastKnownFileType = sourcecode.c.objc; path = TBCObserverCollection.m; sourceTree = "<group>"; };
		FD36DDBE1D6C270E007E1381 /* TBCApplicationVersion.h */ = {isa = PBXFileReference; fileEncoding = 4; lastKnownFileType = sourcecode.c.h; path = TBCApplicationVersion.h; sourceTree = "<group>"; };
		FD36DDBF1D6C270E007E1381 /* TBCApplicationVersion.m */ = {isa = PBXFileReference; fileEncoding = 4; lastKnownFileType = sourcecode.c.objc; path = TBCApplicationVersion.m; sourceTree = "<group>"; };
		FD4936B91999BAB40079A886 /* TBCObjC.h */ = {isa = PBXFileReference; fileEncoding = 4; lastKnownFileType = sourcecode.c.h; path = TBCObjC.h; sourceTree = "<group>"; };
		FD4936BA1999BAB40079A886 /* TBCObjC.m */ = {isa = PBXFileReference; fileEncoding = 4; lastKnownFileType = sourcecode.c.objc; path = TBCObjC.m; sourceTree = "<group>"; };
		FD4936BE1999CEB80079A886 /* TBCObjCTests.m */ = {isa = PBXFileReference; fileEncoding = 4; lastKnownFileType = sourcecode.c.objc; path = TBCObjCTests.m; sourceTree = "<group>"; };
		FD4936C91999D4460079A886 /* TBCDelayedDispatcher.h */ = {isa = PBXFileReference; fileEncoding = 4; lastKnownFileType = sourcecode.c.h; path = TBCDelayedDispatcher.h; sourceTree = "<group>"; };
		FD4936CA1999D4460079A886 /* TBCDelayedDispatcher.m */ = {isa = PBXFileReference; fileEncoding = 4; lastKnownFileType = sourcecode.c.objc; path = TBCDelayedDispatcher.m; sourceTree = "<group>"; };
		FD4936DE199AE3920079A886 /* TBCDelayedDispatcherTests.m */ = {isa = PBXFileReference; fileEncoding = 4; lastKnownFileType = sourcecode.c.objc; path = TBCDelayedDispatcherTests.m; sourceTree = "<group>"; };
		FD4A893219B548D100D070E2 /* TBCActionSheet.h */ = {isa = PBXFileReference; fileEncoding = 4; lastKnownFileType = sourcecode.c.h; path = TBCActionSheet.h; sourceTree = "<group>"; };
		FD4A893319B548D100D070E2 /* TBCActionSheet-ios.m */ = {isa = PBXFileReference; fileEncoding = 4; lastKnownFileType = sourcecode.c.objc; path = "TBCActionSheet-ios.m"; sourceTree = "<group>"; };
		FD4AA4F31C50B0540038B9A0 /* TBCMonetaryValue.h */ = {isa = PBXFileReference; fileEncoding = 4; lastKnownFileType = sourcecode.c.h; path = TBCMonetaryValue.h; sourceTree = "<group>"; };
		FD4AA4F41C50B0540038B9A0 /* TBCMonetaryValue.m */ = {isa = PBXFileReference; fileEncoding = 4; lastKnownFileType = sourcecode.c.objc; path = TBCMonetaryValue.m; sourceTree = "<group>"; };
		FD4AA4FA1C51B6110038B9A0 /* TBCMonetaryValueTests.m */ = {isa = PBXFileReference; fileEncoding = 4; lastKnownFileType = sourcecode.c.objc; path = TBCMonetaryValueTests.m; sourceTree = "<group>"; };
		FD56C8B419C7FD04008E9B11 /* TBCPersistenceURLProvider.h */ = {isa = PBXFileReference; fileEncoding = 4; lastKnownFileType = sourcecode.c.h; path = TBCPersistenceURLProvider.h; sourceTree = "<group>"; };
		FD56C8B519C7FD04008E9B11 /* TBCPersistenceURLProvider.m */ = {isa = PBXFileReference; fileEncoding = 4; lastKnownFileType = sourcecode.c.objc; path = TBCPersistenceURLProvider.m; sourceTree = "<group>"; };
		FDA926831ADE174600C1BEE0 /* NSMapTable+TBCCore.h */ = {isa = PBXFileReference; fileEncoding = 4; lastKnownFileType = sourcecode.c.h; path = "NSMapTable+TBCCore.h"; sourceTree = "<group>"; };
		FDA926841ADE174600C1BEE0 /* NSMapTable+TBCCore.m */ = {isa = PBXFileReference; fileEncoding = 4; lastKnownFileType = sourcecode.c.objc; path = "NSMapTable+TBCCore.m"; sourceTree = "<group>"; };
		FDA926861ADE177F00C1BEE0 /* TBCCoreTypes.h */ = {isa = PBXFileReference; lastKnownFileType = sourcecode.c.h; path = TBCCoreTypes.h; sourceTree = "<group>"; };
		FDBDE17719EB4D33009A2236 /* TBCCoreDefines.h */ = {isa = PBXFileReference; lastKnownFileType = sourcecode.c.h; path = TBCCoreDefines.h; sourceTree = "<group>"; };
		FDBDE17819EB4E3C009A2236 /* TBCDebugging.h */ = {isa = PBXFileReference; fileEncoding = 4; lastKnownFileType = sourcecode.c.h; path = TBCDebugging.h; sourceTree = "<group>"; };
		FDBDE17919EB4E3C009A2236 /* TBCDebugging.m */ = {isa = PBXFileReference; fileEncoding = 4; lastKnownFileType = sourcecode.c.objc; path = TBCDebugging.m; sourceTree = "<group>"; };
		FDFFE7A81ACCDB3F00F8B782 /* NSString+TBCCore.h */ = {isa = PBXFileReference; fileEncoding = 4; lastKnownFileType = sourcecode.c.h; path = "NSString+TBCCore.h"; sourceTree = "<group>"; };
		FDFFE7A91ACCDB3F00F8B782 /* NSString+TBCCore.m */ = {isa = PBXFileReference; fileEncoding = 4; lastKnownFileType = sourcecode.c.objc; path = "NSString+TBCCore.m"; sourceTree = "<group>"; };
/* End PBXFileReference section */

/* Begin PBXFrameworksBuildPhase section */
		A3084F691987E2EB00C30AFA /* Frameworks */ = {
			isa = PBXFrameworksBuildPhase;
			buildActionMask = 2147483647;
			files = (
				A3DBD4B51987E9EC00EDCAD2 /* Foundation.framework in Frameworks */,
			);
			runOnlyForDeploymentPostprocessing = 0;
		};
		A3084F791987E2EB00C30AFA /* Frameworks */ = {
			isa = PBXFrameworksBuildPhase;
			buildActionMask = 2147483647;
			files = (
				A3084F841987E2EB00C30AFA /* libTBCCore-iOS.a in Frameworks */,
				A3084F7E1987E2EB00C30AFA /* XCTest.framework in Frameworks */,
				A3084F7F1987E2EB00C30AFA /* Foundation.framework in Frameworks */,
			);
			runOnlyForDeploymentPostprocessing = 0;
		};
		A3DBD48B1987E68B00EDCAD2 /* Frameworks */ = {
			isa = PBXFrameworksBuildPhase;
			buildActionMask = 2147483647;
			files = (
			);
			runOnlyForDeploymentPostprocessing = 0;
		};
		A3DBD49C1987E68C00EDCAD2 /* Frameworks */ = {
			isa = PBXFrameworksBuildPhase;
			buildActionMask = 2147483647;
			files = (
				A3DBD4A01987E68C00EDCAD2 /* XCTest.framework in Frameworks */,
				A3DBD4A41987E68C00EDCAD2 /* libTBCCore-mac.a in Frameworks */,
			);
			runOnlyForDeploymentPostprocessing = 0;
		};
		A3DBD4B71987EA6F00EDCAD2 /* Frameworks */ = {
			isa = PBXFrameworksBuildPhase;
			buildActionMask = 2147483647;
			files = (
				A3DBD4BD1987EA6F00EDCAD2 /* CoreGraphics.framework in Frameworks */,
				A3DBD4BF1987EA6F00EDCAD2 /* UIKit.framework in Frameworks */,
				A3DBD4BB1987EA6F00EDCAD2 /* Foundation.framework in Frameworks */,
			);
			runOnlyForDeploymentPostprocessing = 0;
		};
		A3DBD4CF1987EA6F00EDCAD2 /* Frameworks */ = {
			isa = PBXFrameworksBuildPhase;
			buildActionMask = 2147483647;
			files = (
				A3DBD4D31987EA6F00EDCAD2 /* XCTest.framework in Frameworks */,
				A3DBD4D51987EA6F00EDCAD2 /* UIKit.framework in Frameworks */,
				A3DBD4D41987EA6F00EDCAD2 /* Foundation.framework in Frameworks */,
			);
			runOnlyForDeploymentPostprocessing = 0;
		};
/* End PBXFrameworksBuildPhase section */

/* Begin PBXGroup section */
		A3084F631987E2EB00C30AFA = {
			isa = PBXGroup;
			children = (
				A3084F711987E2EB00C30AFA /* TBCCore */,
				A3084F851987E2EB00C30AFA /* TBCCoreTests */,
				A3DBD4C01987EA6F00EDCAD2 /* TBCCoreExample */,
				A3DBD4D81987EA6F00EDCAD2 /* TBCCoreExampleTests */,
				A37B8FE71991F392008878BE /* Configuration */,
				A3084F6E1987E2EB00C30AFA /* Frameworks */,
				A3084F6D1987E2EB00C30AFA /* Products */,
			);
			sourceTree = "<group>";
		};
		A3084F6D1987E2EB00C30AFA /* Products */ = {
			isa = PBXGroup;
			children = (
				A3084F6C1987E2EB00C30AFA /* libTBCCore-iOS.a */,
				A3084F7C1987E2EB00C30AFA /* TBCCoreTests-iOS.xctest */,
				A3DBD48E1987E68B00EDCAD2 /* libTBCCore-mac.a */,
				A3DBD49F1987E68C00EDCAD2 /* TBCCoreTests-mac.xctest */,
				A3DBD4BA1987EA6F00EDCAD2 /* TBCCoreExample-iOS.app */,
				A3DBD4D21987EA6F00EDCAD2 /* TBCCoreExampleTests-iOS.xctest */,
			);
			name = Products;
			sourceTree = "<group>";
		};
		A3084F6E1987E2EB00C30AFA /* Frameworks */ = {
			isa = PBXGroup;
			children = (
				A3084F6F1987E2EB00C30AFA /* Foundation.framework */,
				A3084F7D1987E2EB00C30AFA /* XCTest.framework */,
				A3DBD4BC1987EA6F00EDCAD2 /* CoreGraphics.framework */,
				A3DBD4BE1987EA6F00EDCAD2 /* UIKit.framework */,
			);
			name = Frameworks;
			sourceTree = "<group>";
		};
		A3084F711987E2EB00C30AFA /* TBCCore */ = {
			isa = PBXGroup;
			children = (
				A3084F741987E2EB00C30AFA /* TBCCore.h */,
				FDA926861ADE177F00C1BEE0 /* TBCCoreTypes.h */,
				A370017F1A2D38FA0091B978 /* NSArray+TBCCore.h */,
				A37001801A2D38FA0091B978 /* NSArray+TBCCore.m */,
				A32272E81ADF873A00CBF58F /* NSDictionary+TBCCore.h */,
				A32272E91ADF873A00CBF58F /* NSDictionary+TBCCore.m */,
				A3017FCC1A84663D0055A22A /* NSMutableDictionary+TBCCore.h */,
				A3017FCD1A84663D0055A22A /* NSMutableDictionary+TBCCore.m */,
				FDA926831ADE174600C1BEE0 /* NSMapTable+TBCCore.h */,
				FDA926841ADE174600C1BEE0 /* NSMapTable+TBCCore.m */,
				A34F8DDE1AF09FCF006A46C5 /* NSSet+TBCCore.h */,
				A34F8DDF1AF09FCF006A46C5 /* NSSet+TBCCore.m */,
				FDFFE7A81ACCDB3F00F8B782 /* NSString+TBCCore.h */,
				FDFFE7A91ACCDB3F00F8B782 /* NSString+TBCCore.m */,
				FD4A893219B548D100D070E2 /* TBCActionSheet.h */,
				FD4A893319B548D100D070E2 /* TBCActionSheet-ios.m */,
				A377E0DB199253ED007F2F47 /* TBCAlertView.h */,
				A377E0DD199253F2007F2F47 /* TBCAlertView-ios.m */,
				A377E0DE199253F2007F2F47 /* TBCAlertView-mac.m */,
				FD36DDBE1D6C270E007E1381 /* TBCApplicationVersion.h */,
				FD36DDBF1D6C270E007E1381 /* TBCApplicationVersion.m */,
				FDBDE17719EB4D33009A2236 /* TBCCoreDefines.h */,
				A3DA9C261C7ADDDC00CA0F09 /* TBCCancellable.h */,
				A3DA9C271C7ADDDC00CA0F09 /* TBCCancellable.m */,
				A31013F319E60F7D00092156 /* TBCCurrencyFormatter.h */,
				A31013F419E60F7D00092156 /* TBCCurrencyFormatter.m */,
				2C8DC8FD1DA6528700951A58 /* TBCDeallocNotifier.h */,
				2C8DC8FE1DA6528700951A58 /* TBCDeallocNotifier.m */,
				FDBDE17819EB4E3C009A2236 /* TBCDebugging.h */,
				FDBDE17919EB4E3C009A2236 /* TBCDebugging.m */,
				FD4936C91999D4460079A886 /* TBCDelayedDispatcher.h */,
				FD4936CA1999D4460079A886 /* TBCDelayedDispatcher.m */,
				A30AF177199B53F000E2E356 /* TBCDispatch.h */,
				A30AF178199B53F000E2E356 /* TBCDispatch.m */,
				FD4AA4F31C50B0540038B9A0 /* TBCMonetaryValue.h */,
				FD4AA4F41C50B0540038B9A0 /* TBCMonetaryValue.m */,
				A3C776E41D3A50740044AB4F /* TBCNotificationCenterObservation.h */,
				A3C776E51D3A50740044AB4F /* TBCNotificationCenterObservation.m */,
				A3C9ABC91A688838002323ED /* TBCStopwatch.h */,
				A3C9ABCA1A688838002323ED /* TBCStopwatch.m */,
				FD4936B91999BAB40079A886 /* TBCObjC.h */,
				FD4936BA1999BAB40079A886 /* TBCObjC.m */,
				FD02DF211DA4ABAB00406D88 /* TBCObserverCollection.h */,
				FD02DF221DA4ABAB00406D88 /* TBCObserverCollection.m */,
				FD56C8B419C7FD04008E9B11 /* TBCPersistenceURLProvider.h */,
				FD56C8B519C7FD04008E9B11 /* TBCPersistenceURLProvider.m */,
				A38B6CB51A70B6AD008717C7 /* TBCPredicateBlock.h */,
				A38B6CB61A70B6AD008717C7 /* TBCPredicateBlock.m */,
				A377E0D61992529D007F2F47 /* TBCTimeInterval.h */,
				A377E0D71992529D007F2F47 /* TBCTimeInterval.m */,
				A30AF172199B195400E2E356 /* TBCTimer.h */,
				A30AF173199B195400E2E356 /* TBCTimer.m */,
				A377E0CE19925129007F2F47 /* TBCTypeSafety.h */,
				A377E0CF19925129007F2F47 /* TBCTypeSafety.m */,
			);
			path = TBCCore;
			sourceTree = "<group>";
		};
		A3084F851987E2EB00C30AFA /* TBCCoreTests */ = {
			isa = PBXGroup;
			children = (
				A37001821A2D40700091B978 /* NSArray+TBCCoreTests.m */,
				D409CF851AB119FE009D214A /* NSMutableDictionary+TBCCoreTests.m */,
				2CBF0C131D6C313500C45795 /* TBCApplicationVersionTests.m */,
				2C8DC9051DA6537C00951A58 /* TBCDeallocNotifierTests.m */,
				FD4936DE199AE3920079A886 /* TBCDelayedDispatcherTests.m */,
				FD4AA4FA1C51B6110038B9A0 /* TBCMonetaryValueTests.m */,
				FD4936BE1999CEB80079A886 /* TBCObjCTests.m */,
				2C18DF0A1DB194CB009FDE9B /* TBCObserverCollectionTests.m */,
				A30AF17F199B88F500E2E356 /* TBCTimerTests.m */,
				A377E0D319925131007F2F47 /* TBCTypeSafetyTests.m */,
				A3084F871987E2EB00C30AFA /* TBCCoreTests-Info.plist */,
			);
			path = TBCCoreTests;
			sourceTree = "<group>";
		};
		A377E0E7199312F8007F2F47 /* lib */ = {
			isa = PBXGroup;
			children = (
				A377E11F199457A2007F2F47 /* TBCCoreExample-iOS.eggfile */,
				A377E0E819931308007F2F47 /* TBCCoreExample-iOS-eggs.xcodeproj */,
			);
			name = lib;
			path = TBCCoreExampleTests;
			sourceTree = SOURCE_ROOT;
		};
		A377E1351994F0ED007F2F47 /* Products */ = {
			isa = PBXGroup;
			children = (
				A377E1391994F0F2007F2F47 /* libTBCCoreExample-iOS-eggs.a */,
			);
			name = Products;
			sourceTree = "<group>";
		};
		A37B8FE71991F392008878BE /* Configuration */ = {
			isa = PBXGroup;
			children = (
				A377E1451995C20B007F2F47 /* Project-Debug.xcconfig */,
				A377E1461995C20B007F2F47 /* Project-Release.xcconfig */,
				A377E1471995C20B007F2F47 /* Project.xcconfig */,
				A377E1481995C20B007F2F47 /* Target-iOS.xcconfig */,
				A377E1491995C20B007F2F47 /* Target-mac.xcconfig */,
				A377E14A1995C20B007F2F47 /* Warnings.xcconfig */,
				A377E14B1995C21A007F2F47 /* TBCCoreExample-ios.xcconfig */,
			);
			name = Configuration;
			path = TBCCoreExampleTests;
			sourceTree = "<group>";
		};
		A3DBD4C01987EA6F00EDCAD2 /* TBCCoreExample */ = {
			isa = PBXGroup;
			children = (
				A3DBD4C91987EA6F00EDCAD2 /* TBCCoreExampleAppDelegate.h */,
				A3DBD4CA1987EA6F00EDCAD2 /* TBCCoreExampleAppDelegate.m */,
				A3A6BE161987EE280073C4DB /* TBCCoreExampleViewController.h */,
				A3A6BE171987EE280073C4DB /* TBCCoreExampleViewController.m */,
				A3DBD4CC1987EA6F00EDCAD2 /* Images.xcassets */,
				A3DBD4C21987EA6F00EDCAD2 /* TBCCoreExample-Info.plist */,
				A3DBD4C61987EA6F00EDCAD2 /* main.m */,
				A377E0E7199312F8007F2F47 /* lib */,
			);
			path = TBCCoreExample;
			sourceTree = "<group>";
		};
		A3DBD4D81987EA6F00EDCAD2 /* TBCCoreExampleTests */ = {
			isa = PBXGroup;
			children = (
				A3DBD4DE1987EA6F00EDCAD2 /* TBCCoreExampleTests.m */,
				A3DBD4DA1987EA6F00EDCAD2 /* TBCCoreExampleTests-Info.plist */,
			);
			path = TBCCoreExampleTests;
			sourceTree = "<group>";
		};
/* End PBXGroup section */

/* Begin PBXHeadersBuildPhase section */
		A3DBD48C1987E68B00EDCAD2 /* Headers */ = {
			isa = PBXHeadersBuildPhase;
			buildActionMask = 2147483647;
			files = (
				FD36DDC01D6C270E007E1381 /* TBCApplicationVersion.h in Headers */,
				2C8DC8FF1DA6528700951A58 /* TBCDeallocNotifier.h in Headers */,
				A377E0D81992529D007F2F47 /* TBCTimeInterval.h in Headers */,
				A377E0DC199253ED007F2F47 /* TBCAlertView.h in Headers */,
				A30AF179199B53F000E2E356 /* TBCDispatch.h in Headers */,
				A3C9ABCB1A688838002323ED /* TBCStopwatch.h in Headers */,
				A30AF174199B195400E2E356 /* TBCTimer.h in Headers */,
				A3DA9C281C7ADDDC00CA0F09 /* TBCCancellable.h in Headers */,
				A31013F519E60F7D00092156 /* TBCCurrencyFormatter.h in Headers */,
				FD4936BB1999BAB40079A886 /* TBCObjC.h in Headers */,
				FD4936CB1999D4460079A886 /* TBCDelayedDispatcher.h in Headers */,
				FDBDE17A19EB4E3C009A2236 /* TBCDebugging.h in Headers */,
				FD4AA4F51C50B0540038B9A0 /* TBCMonetaryValue.h in Headers */,
				A3017FCE1A84663D0055A22A /* NSMutableDictionary+TBCCore.h in Headers */,
				FD56C8B619C7FD04008E9B11 /* TBCPersistenceURLProvider.h in Headers */,
				A32272EA1ADF873A00CBF58F /* NSDictionary+TBCCore.h in Headers */,
				FD4A893519B548E200D070E2 /* TBCActionSheet.h in Headers */,
				A38B6CB71A70B6AD008717C7 /* TBCPredicateBlock.h in Headers */,
				A3C776E61D3A50740044AB4F /* TBCNotificationCenterObservation.h in Headers */,
				A377E0D019925129007F2F47 /* TBCTypeSafety.h in Headers */,
				FD02DF231DA4ABAB00406D88 /* TBCObserverCollection.h in Headers */,
				A34F8DE01AF09FCF006A46C5 /* NSSet+TBCCore.h in Headers */,
			);
			runOnlyForDeploymentPostprocessing = 0;
		};
/* End PBXHeadersBuildPhase section */

/* Begin PBXNativeTarget section */
		A3084F6B1987E2EB00C30AFA /* TBCCore-iOS */ = {
			isa = PBXNativeTarget;
			buildConfigurationList = A3084F8F1987E2EB00C30AFA /* Build configuration list for PBXNativeTarget "TBCCore-iOS" */;
			buildPhases = (
				A3084F681987E2EB00C30AFA /* Sources */,
				A3084F691987E2EB00C30AFA /* Frameworks */,
				A3084F6A1987E2EB00C30AFA /* CopyFiles */,
			);
			buildRules = (
			);
			dependencies = (
			);
			name = "TBCCore-iOS";
			productName = TBCCore;
			productReference = A3084F6C1987E2EB00C30AFA /* libTBCCore-iOS.a */;
			productType = "com.apple.product-type.library.static";
		};
		A3084F7B1987E2EB00C30AFA /* TBCCoreTests-iOS */ = {
			isa = PBXNativeTarget;
			buildConfigurationList = A3084F921987E2EB00C30AFA /* Build configuration list for PBXNativeTarget "TBCCoreTests-iOS" */;
			buildPhases = (
				A3084F781987E2EB00C30AFA /* Sources */,
				A3084F791987E2EB00C30AFA /* Frameworks */,
				A3084F7A1987E2EB00C30AFA /* Resources */,
			);
			buildRules = (
			);
			dependencies = (
				A3084F831987E2EB00C30AFA /* PBXTargetDependency */,
			);
			name = "TBCCoreTests-iOS";
			productName = TBCCoreTests;
			productReference = A3084F7C1987E2EB00C30AFA /* TBCCoreTests-iOS.xctest */;
			productType = "com.apple.product-type.bundle.unit-test";
		};
		A3DBD48D1987E68B00EDCAD2 /* TBCCore-mac */ = {
			isa = PBXNativeTarget;
			buildConfigurationList = A3DBD4AD1987E68C00EDCAD2 /* Build configuration list for PBXNativeTarget "TBCCore-mac" */;
			buildPhases = (
				A3DBD48A1987E68B00EDCAD2 /* Sources */,
				A3DBD48B1987E68B00EDCAD2 /* Frameworks */,
				A3DBD48C1987E68B00EDCAD2 /* Headers */,
			);
			buildRules = (
			);
			dependencies = (
			);
			name = "TBCCore-mac";
			productName = "TBCCore-mac";
			productReference = A3DBD48E1987E68B00EDCAD2 /* libTBCCore-mac.a */;
			productType = "com.apple.product-type.library.static";
		};
		A3DBD49E1987E68C00EDCAD2 /* TBCCoreTests-mac */ = {
			isa = PBXNativeTarget;
			buildConfigurationList = A3DBD4B01987E68C00EDCAD2 /* Build configuration list for PBXNativeTarget "TBCCoreTests-mac" */;
			buildPhases = (
				A3DBD49B1987E68C00EDCAD2 /* Sources */,
				A3DBD49C1987E68C00EDCAD2 /* Frameworks */,
				A3DBD49D1987E68C00EDCAD2 /* Resources */,
			);
			buildRules = (
			);
			dependencies = (
				A3DBD4A31987E68C00EDCAD2 /* PBXTargetDependency */,
			);
			name = "TBCCoreTests-mac";
			productName = "TBCCore-macTests";
			productReference = A3DBD49F1987E68C00EDCAD2 /* TBCCoreTests-mac.xctest */;
			productType = "com.apple.product-type.bundle.unit-test";
		};
		A3DBD4B91987EA6F00EDCAD2 /* TBCCoreExample-iOS */ = {
			isa = PBXNativeTarget;
			buildConfigurationList = A3DBD4E01987EA6F00EDCAD2 /* Build configuration list for PBXNativeTarget "TBCCoreExample-iOS" */;
			buildPhases = (
				A3DBD4B61987EA6F00EDCAD2 /* Sources */,
				A3DBD4B71987EA6F00EDCAD2 /* Frameworks */,
				A3DBD4B81987EA6F00EDCAD2 /* Resources */,
			);
			buildRules = (
			);
			dependencies = (
			);
			name = "TBCCoreExample-iOS";
			productName = "TBCCore Example";
			productReference = A3DBD4BA1987EA6F00EDCAD2 /* TBCCoreExample-iOS.app */;
			productType = "com.apple.product-type.application";
		};
		A3DBD4D11987EA6F00EDCAD2 /* TBCCoreExampleTests-iOS */ = {
			isa = PBXNativeTarget;
			buildConfigurationList = A3DBD4E31987EA6F00EDCAD2 /* Build configuration list for PBXNativeTarget "TBCCoreExampleTests-iOS" */;
			buildPhases = (
				A3DBD4CE1987EA6F00EDCAD2 /* Sources */,
				A3DBD4CF1987EA6F00EDCAD2 /* Frameworks */,
				A3DBD4D01987EA6F00EDCAD2 /* Resources */,
			);
			buildRules = (
			);
			dependencies = (
				A3DBD4D71987EA6F00EDCAD2 /* PBXTargetDependency */,
			);
			name = "TBCCoreExampleTests-iOS";
			productName = "TBCCore ExampleTests";
			productReference = A3DBD4D21987EA6F00EDCAD2 /* TBCCoreExampleTests-iOS.xctest */;
			productType = "com.apple.product-type.bundle.unit-test";
		};
/* End PBXNativeTarget section */

/* Begin PBXProject section */
		A3084F641987E2EB00C30AFA /* Project object */ = {
			isa = PBXProject;
			attributes = {
				CLASSPREFIX = TBC;
				LastUpgradeCheck = 0800;
				ORGANIZATIONNAME = "Tabcorp Pty. Ltd.";
				TargetAttributes = {
					A3084F7B1987E2EB00C30AFA = {
						TestTargetID = A3DBD4B91987EA6F00EDCAD2;
					};
					A3DBD49E1987E68C00EDCAD2 = {
						TestTargetID = A3DBD4B91987EA6F00EDCAD2;
					};
					A3DBD4D11987EA6F00EDCAD2 = {
						TestTargetID = A3DBD4B91987EA6F00EDCAD2;
					};
				};
			};
			buildConfigurationList = A3084F671987E2EB00C30AFA /* Build configuration list for PBXProject "TBCCore" */;
			compatibilityVersion = "Xcode 3.2";
			developmentRegion = English;
			hasScannedForEncodings = 0;
			knownRegions = (
				en,
			);
			mainGroup = A3084F631987E2EB00C30AFA;
			productRefGroup = A3084F6D1987E2EB00C30AFA /* Products */;
			projectDirPath = "";
			projectReferences = (
				{
					ProductGroup = A377E1351994F0ED007F2F47 /* Products */;
					ProjectRef = A377E0E819931308007F2F47 /* TBCCoreExample-iOS-eggs.xcodeproj */;
				},
			);
			projectRoot = "";
			targets = (
				A3084F6B1987E2EB00C30AFA /* TBCCore-iOS */,
				A3DBD48D1987E68B00EDCAD2 /* TBCCore-mac */,
				A3084F7B1987E2EB00C30AFA /* TBCCoreTests-iOS */,
				A3DBD49E1987E68C00EDCAD2 /* TBCCoreTests-mac */,
				A3DBD4B91987EA6F00EDCAD2 /* TBCCoreExample-iOS */,
				A3DBD4D11987EA6F00EDCAD2 /* TBCCoreExampleTests-iOS */,
			);
		};
/* End PBXProject section */

/* Begin PBXReferenceProxy section */
		A377E1391994F0F2007F2F47 /* libTBCCoreExample-iOS-eggs.a */ = {
			isa = PBXReferenceProxy;
			fileType = archive.ar;
			path = "libTBCCoreExample-iOS-eggs.a";
			remoteRef = A377E1381994F0F2007F2F47 /* PBXContainerItemProxy */;
			sourceTree = BUILT_PRODUCTS_DIR;
		};
/* End PBXReferenceProxy section */

/* Begin PBXResourcesBuildPhase section */
		A3084F7A1987E2EB00C30AFA /* Resources */ = {
			isa = PBXResourcesBuildPhase;
			buildActionMask = 2147483647;
			files = (
			);
			runOnlyForDeploymentPostprocessing = 0;
		};
		A3DBD49D1987E68C00EDCAD2 /* Resources */ = {
			isa = PBXResourcesBuildPhase;
			buildActionMask = 2147483647;
			files = (
			);
			runOnlyForDeploymentPostprocessing = 0;
		};
		A3DBD4B81987EA6F00EDCAD2 /* Resources */ = {
			isa = PBXResourcesBuildPhase;
			buildActionMask = 2147483647;
			files = (
				A3DBD4CD1987EA6F00EDCAD2 /* Images.xcassets in Resources */,
			);
			runOnlyForDeploymentPostprocessing = 0;
		};
		A3DBD4D01987EA6F00EDCAD2 /* Resources */ = {
			isa = PBXResourcesBuildPhase;
			buildActionMask = 2147483647;
			files = (
			);
			runOnlyForDeploymentPostprocessing = 0;
		};
/* End PBXResourcesBuildPhase section */

/* Begin PBXSourcesBuildPhase section */
		A3084F681987E2EB00C30AFA /* Sources */ = {
			isa = PBXSourcesBuildPhase;
			buildActionMask = 2147483647;
			files = (
				FDA926851ADE174600C1BEE0 /* NSMapTable+TBCCore.m in Sources */,
				A377E0DF199253F2007F2F47 /* TBCAlertView-ios.m in Sources */,
				A34F8DE11AF09FCF006A46C5 /* NSSet+TBCCore.m in Sources */,
				A377E0D119925129007F2F47 /* TBCTypeSafety.m in Sources */,
				FD4936CC1999D4460079A886 /* TBCDelayedDispatcher.m in Sources */,
				FD36DDC11D6C270E007E1381 /* TBCApplicationVersion.m in Sources */,
				FD4A893419B548D100D070E2 /* TBCActionSheet-ios.m in Sources */,
				FD02DF241DA4ABAB00406D88 /* TBCObserverCollection.m in Sources */,
				A3DA9C291C7ADDDC00CA0F09 /* TBCCancellable.m in Sources */,
				FDBDE17B19EB4E3C009A2236 /* TBCDebugging.m in Sources */,
				A37001811A2D38FA0091B978 /* NSArray+TBCCore.m in Sources */,
				A32272EB1ADF873A00CBF58F /* NSDictionary+TBCCore.m in Sources */,
				A3C776E71D3A50740044AB4F /* TBCNotificationCenterObservation.m in Sources */,
				A30AF175199B195400E2E356 /* TBCTimer.m in Sources */,
				FD4AA4F61C50B0540038B9A0 /* TBCMonetaryValue.m in Sources */,
				FDFFE7AA1ACCDB3F00F8B782 /* NSString+TBCCore.m in Sources */,
				A38B6CB81A70B6AD008717C7 /* TBCPredicateBlock.m in Sources */,
				A3C9ABCC1A688838002323ED /* TBCStopwatch.m in Sources */,
				A3017FCF1A84663D0055A22A /* NSMutableDictionary+TBCCore.m in Sources */,
				A377E0D91992529D007F2F47 /* TBCTimeInterval.m in Sources */,
				FD56C8B719C7FD04008E9B11 /* TBCPersistenceURLProvider.m in Sources */,
				2C8DC9001DA6528700951A58 /* TBCDeallocNotifier.m in Sources */,
				FD4936BC1999BAB40079A886 /* TBCObjC.m in Sources */,
				A30AF17A199B53F000E2E356 /* TBCDispatch.m in Sources */,
				A31013F619E60F7D00092156 /* TBCCurrencyFormatter.m in Sources */,
			);
			runOnlyForDeploymentPostprocessing = 0;
		};
		A3084F781987E2EB00C30AFA /* Sources */ = {
			isa = PBXSourcesBuildPhase;
			buildActionMask = 2147483647;
			files = (
				2CBF0C141D6C313500C45795 /* TBCApplicationVersionTests.m in Sources */,
				FD4936DF199AE3920079A886 /* TBCDelayedDispatcherTests.m in Sources */,
				A377E0D419925131007F2F47 /* TBCTypeSafetyTests.m in Sources */,
				FD4AA4FB1C51B6110038B9A0 /* TBCMonetaryValueTests.m in Sources */,
				D409CF861AB119FE009D214A /* NSMutableDictionary+TBCCoreTests.m in Sources */,
				FD4936BF1999CEB80079A886 /* TBCObjCTests.m in Sources */,
				2C8DC9061DA6537C00951A58 /* TBCDeallocNotifierTests.m in Sources */,
				2C18DF0B1DB194CB009FDE9B /* TBCObserverCollectionTests.m in Sources */,
				A30AF180199B88F500E2E356 /* TBCTimerTests.m in Sources */,
				A37001831A2D40700091B978 /* NSArray+TBCCoreTests.m in Sources */,
			);
			runOnlyForDeploymentPostprocessing = 0;
		};
		A3DBD48A1987E68B00EDCAD2 /* Sources */ = {
			isa = PBXSourcesBuildPhase;
			buildActionMask = 2147483647;
			files = (
				A3DA9C2A1C7ADDDC00CA0F09 /* TBCCancellable.m in Sources */,
				FD4AA4F71C50B0540038B9A0 /* TBCMonetaryValue.m in Sources */,
				A377E0D219925129007F2F47 /* TBCTypeSafety.m in Sources */,
				A3C776E81D3A50740044AB4F /* TBCNotificationCenterObservation.m in Sources */,
				A377E0DA1992529D007F2F47 /* TBCTimeInterval.m in Sources */,
				2C8DC9011DA6528700951A58 /* TBCDeallocNotifier.m in Sources */,
				FD36DDC21D6C270E007E1381 /* TBCApplicationVersion.m in Sources */,
				FDBDE17C19EB4E3C009A2236 /* TBCDebugging.m in Sources */,
				FD56C8B819C7FD04008E9B11 /* TBCPersistenceURLProvider.m in Sources */,
				A34F8DE21AF09FCF006A46C5 /* NSSet+TBCCore.m in Sources */,
				A3C9ABCD1A688838002323ED /* TBCStopwatch.m in Sources */,
				FD4936CD1999D4460079A886 /* TBCDelayedDispatcher.m in Sources */,
				A3017FD01A84663D0055A22A /* NSMutableDictionary+TBCCore.m in Sources */,
				A32272EC1ADF873A00CBF58F /* NSDictionary+TBCCore.m in Sources */,
				A38B6CB91A70B6AD008717C7 /* TBCPredicateBlock.m in Sources */,
				A30AF176199B195400E2E356 /* TBCTimer.m in Sources */,
				A377E0E2199253F2007F2F47 /* TBCAlertView-mac.m in Sources */,
				FD02DF251DA4ABAB00406D88 /* TBCObserverCollection.m in Sources */,
				A31013F719E60F7D00092156 /* TBCCurrencyFormatter.m in Sources */,
				A381B3511A2D435D002BCE00 /* NSArray+TBCCore.m in Sources */,
				FD4936BD1999BAB40079A886 /* TBCObjC.m in Sources */,
				A30AF17B199B53F000E2E356 /* TBCDispatch.m in Sources */,
			);
			runOnlyForDeploymentPostprocessing = 0;
		};
		A3DBD49B1987E68C00EDCAD2 /* Sources */ = {
			isa = PBXSourcesBuildPhase;
			buildActionMask = 2147483647;
			files = (
				2CBF0C151D6C313500C45795 /* TBCApplicationVersionTests.m in Sources */,
				FD4936E0199AE3920079A886 /* TBCDelayedDispatcherTests.m in Sources */,
				A377E0D519925131007F2F47 /* TBCTypeSafetyTests.m in Sources */,
				FD4AA4FC1C51B6110038B9A0 /* TBCMonetaryValueTests.m in Sources */,
				D409CF871AB119FE009D214A /* NSMutableDictionary+TBCCoreTests.m in Sources */,
				FD4936C01999CEB80079A886 /* TBCObjCTests.m in Sources */,
				2C8DC9071DA6537C00951A58 /* TBCDeallocNotifierTests.m in Sources */,
				2C18DF0C1DB194CB009FDE9B /* TBCObserverCollectionTests.m in Sources */,
				A30AF181199B88F500E2E356 /* TBCTimerTests.m in Sources */,
				A37001841A2D40820091B978 /* NSArray+TBCCoreTests.m in Sources */,
			);
			runOnlyForDeploymentPostprocessing = 0;
		};
		A3DBD4B61987EA6F00EDCAD2 /* Sources */ = {
			isa = PBXSourcesBuildPhase;
			buildActionMask = 2147483647;
			files = (
				A3DBD4CB1987EA6F00EDCAD2 /* TBCCoreExampleAppDelegate.m in Sources */,
				A3DBD4C71987EA6F00EDCAD2 /* main.m in Sources */,
				A3A6BE181987EE280073C4DB /* TBCCoreExampleViewController.m in Sources */,
			);
			runOnlyForDeploymentPostprocessing = 0;
		};
		A3DBD4CE1987EA6F00EDCAD2 /* Sources */ = {
			isa = PBXSourcesBuildPhase;
			buildActionMask = 2147483647;
			files = (
				A3DBD4DF1987EA6F00EDCAD2 /* TBCCoreExampleTests.m in Sources */,
			);
			runOnlyForDeploymentPostprocessing = 0;
		};
/* End PBXSourcesBuildPhase section */

/* Begin PBXTargetDependency section */
		A3084F831987E2EB00C30AFA /* PBXTargetDependency */ = {
			isa = PBXTargetDependency;
			target = A3084F6B1987E2EB00C30AFA /* TBCCore-iOS */;
			targetProxy = A3084F821987E2EB00C30AFA /* PBXContainerItemProxy */;
		};
		A3DBD4A31987E68C00EDCAD2 /* PBXTargetDependency */ = {
			isa = PBXTargetDependency;
			target = A3DBD48D1987E68B00EDCAD2 /* TBCCore-mac */;
			targetProxy = A3DBD4A21987E68C00EDCAD2 /* PBXContainerItemProxy */;
		};
		A3DBD4D71987EA6F00EDCAD2 /* PBXTargetDependency */ = {
			isa = PBXTargetDependency;
			target = A3DBD4B91987EA6F00EDCAD2 /* TBCCoreExample-iOS */;
			targetProxy = A3DBD4D61987EA6F00EDCAD2 /* PBXContainerItemProxy */;
		};
/* End PBXTargetDependency section */

/* Begin XCBuildConfiguration section */
		A3084F8D1987E2EB00C30AFA /* Debug */ = {
			isa = XCBuildConfiguration;
			baseConfigurationReference = A377E1451995C20B007F2F47 /* Project-Debug.xcconfig */;
			buildSettings = {
				HEADER_SEARCH_PATHS = (
					"$(inherited)",
					"$(SRCROOT)",
				);
			};
			name = Debug;
		};
		A3084F8E1987E2EB00C30AFA /* Release */ = {
			isa = XCBuildConfiguration;
			baseConfigurationReference = A377E1461995C20B007F2F47 /* Project-Release.xcconfig */;
			buildSettings = {
				HEADER_SEARCH_PATHS = (
					"$(inherited)",
					"$(SRCROOT)",
				);
			};
			name = Release;
		};
		A3084F901987E2EB00C30AFA /* Debug */ = {
			isa = XCBuildConfiguration;
			baseConfigurationReference = A377E1481995C20B007F2F47 /* Target-iOS.xcconfig */;
			buildSettings = {
			};
			name = Debug;
		};
		A3084F911987E2EB00C30AFA /* Release */ = {
			isa = XCBuildConfiguration;
			baseConfigurationReference = A377E1481995C20B007F2F47 /* Target-iOS.xcconfig */;
			buildSettings = {
			};
			name = Release;
		};
		A3084F931987E2EB00C30AFA /* Debug */ = {
			isa = XCBuildConfiguration;
			buildSettings = {
				FRAMEWORK_SEARCH_PATHS = (
					"$(inherited)",
					"$(DEVELOPER_FRAMEWORKS_DIR)",
				);
				GCC_PREPROCESSOR_DEFINITIONS = (
					"DEBUG=1",
					"$(inherited)",
				);
				INFOPLIST_FILE = "TBCCoreTests/TBCCoreTests-Info.plist";
				PRODUCT_BUNDLE_IDENTIFIER = "au.com.tabcorp.${PRODUCT_NAME:rfc1034identifier}";
				PRODUCT_NAME = "$(TARGET_NAME)";
				SDKROOT = iphoneos;
				TEST_HOST = "$(BUNDLE_LOADER)";
				WRAPPER_EXTENSION = xctest;
			};
			name = Debug;
		};
		A3084F941987E2EB00C30AFA /* Release */ = {
			isa = XCBuildConfiguration;
			buildSettings = {
				FRAMEWORK_SEARCH_PATHS = (
					"$(inherited)",
					"$(DEVELOPER_FRAMEWORKS_DIR)",
				);
				INFOPLIST_FILE = "TBCCoreTests/TBCCoreTests-Info.plist";
				PRODUCT_BUNDLE_IDENTIFIER = "au.com.tabcorp.${PRODUCT_NAME:rfc1034identifier}";
				PRODUCT_NAME = "$(TARGET_NAME)";
				SDKROOT = iphoneos;
				TEST_HOST = "$(BUNDLE_LOADER)";
				WRAPPER_EXTENSION = xctest;
			};
			name = Release;
		};
		A3DBD4AE1987E68C00EDCAD2 /* Debug */ = {
			isa = XCBuildConfiguration;
			baseConfigurationReference = A377E1491995C20B007F2F47 /* Target-mac.xcconfig */;
			buildSettings = {
			};
			name = Debug;
		};
		A3DBD4AF1987E68C00EDCAD2 /* Release */ = {
			isa = XCBuildConfiguration;
			baseConfigurationReference = A377E1491995C20B007F2F47 /* Target-mac.xcconfig */;
			buildSettings = {
			};
			name = Release;
		};
		A3DBD4B11987E68C00EDCAD2 /* Debug */ = {
			isa = XCBuildConfiguration;
			buildSettings = {
				COMBINE_HIDPI_IMAGES = YES;
				FRAMEWORK_SEARCH_PATHS = (
					"$(DEVELOPER_FRAMEWORKS_DIR)",
					"$(inherited)",
				);
				GCC_ENABLE_OBJC_EXCEPTIONS = YES;
				GCC_PREPROCESSOR_DEFINITIONS = (
					"DEBUG=1",
					"$(inherited)",
				);
				INFOPLIST_FILE = "TBCCoreTests/TBCCoreTests-Info.plist";
				MACOSX_DEPLOYMENT_TARGET = 10.9;
				PRODUCT_BUNDLE_IDENTIFIER = "au.com.tabcorp.${PRODUCT_NAME:rfc1034identifier}";
				PRODUCT_NAME = "$(TARGET_NAME)";
				SDKROOT = macosx;
				TEST_HOST = "$(BUNDLE_LOADER)";
				WRAPPER_EXTENSION = xctest;
			};
			name = Debug;
		};
		A3DBD4B21987E68C00EDCAD2 /* Release */ = {
			isa = XCBuildConfiguration;
			buildSettings = {
				COMBINE_HIDPI_IMAGES = YES;
				DEBUG_INFORMATION_FORMAT = "dwarf-with-dsym";
				FRAMEWORK_SEARCH_PATHS = (
					"$(DEVELOPER_FRAMEWORKS_DIR)",
					"$(inherited)",
				);
				GCC_ENABLE_OBJC_EXCEPTIONS = YES;
				INFOPLIST_FILE = "TBCCoreTests/TBCCoreTests-Info.plist";
				MACOSX_DEPLOYMENT_TARGET = 10.9;
				PRODUCT_BUNDLE_IDENTIFIER = "au.com.tabcorp.${PRODUCT_NAME:rfc1034identifier}";
				PRODUCT_NAME = "$(TARGET_NAME)";
				SDKROOT = macosx;
				TEST_HOST = "$(BUNDLE_LOADER)";
				WRAPPER_EXTENSION = xctest;
			};
			name = Release;
		};
		A3DBD4E11987EA6F00EDCAD2 /* Debug */ = {
			isa = XCBuildConfiguration;
			baseConfigurationReference = A377E14B1995C21A007F2F47 /* TBCCoreExample-ios.xcconfig */;
			buildSettings = {
				PRODUCT_BUNDLE_IDENTIFIER = "au.com.tabcorp.${PRODUCT_NAME:rfc1034identifier}";
			};
			name = Debug;
		};
		A3DBD4E21987EA6F00EDCAD2 /* Release */ = {
			isa = XCBuildConfiguration;
			baseConfigurationReference = A377E14B1995C21A007F2F47 /* TBCCoreExample-ios.xcconfig */;
			buildSettings = {
				PRODUCT_BUNDLE_IDENTIFIER = "au.com.tabcorp.${PRODUCT_NAME:rfc1034identifier}";
			};
			name = Release;
		};
		A3DBD4E41987EA6F00EDCAD2 /* Debug */ = {
			isa = XCBuildConfiguration;
			buildSettings = {
				BUNDLE_LOADER = "$(BUILT_PRODUCTS_DIR)/TBCCoreExample-iOS.app/TBCCoreExample-iOS";
				FRAMEWORK_SEARCH_PATHS = (
					"$(SDKROOT)/Developer/Library/Frameworks",
					"$(inherited)",
					"$(DEVELOPER_FRAMEWORKS_DIR)",
				);
				GCC_PREPROCESSOR_DEFINITIONS = (
					"DEBUG=1",
					"$(inherited)",
				);
				INFOPLIST_FILE = "TBCCoreExampleTests/TBCCoreExampleTests-Info.plist";
				PRODUCT_BUNDLE_IDENTIFIER = "au.com.tabcorp.${PRODUCT_NAME:rfc1034identifier}";
				PRODUCT_NAME = "$(TARGET_NAME)";
				SDKROOT = iphoneos;
				TEST_HOST = "$(BUNDLE_LOADER)";
				WRAPPER_EXTENSION = xctest;
			};
			name = Debug;
		};
		A3DBD4E51987EA6F00EDCAD2 /* Release */ = {
			isa = XCBuildConfiguration;
			buildSettings = {
				BUNDLE_LOADER = "$(BUILT_PRODUCTS_DIR)/TBCCoreExample-iOS.app/TBCCoreExample-iOS";
				FRAMEWORK_SEARCH_PATHS = (
					"$(SDKROOT)/Developer/Library/Frameworks",
					"$(inherited)",
					"$(DEVELOPER_FRAMEWORKS_DIR)",
				);
				INFOPLIST_FILE = "TBCCoreExampleTests/TBCCoreExampleTests-Info.plist";
				PRODUCT_BUNDLE_IDENTIFIER = "au.com.tabcorp.${PRODUCT_NAME:rfc1034identifier}";
				PRODUCT_NAME = "$(TARGET_NAME)";
				SDKROOT = iphoneos;
				TEST_HOST = "$(BUNDLE_LOADER)";
				WRAPPER_EXTENSION = xctest;
			};
			name = Release;
		};
/* End XCBuildConfiguration section */

/* Begin XCConfigurationList section */
		A3084F671987E2EB00C30AFA /* Build configuration list for PBXProject "TBCCore" */ = {
			isa = XCConfigurationList;
			buildConfigurations = (
				A3084F8D1987E2EB00C30AFA /* Debug */,
				A3084F8E1987E2EB00C30AFA /* Release */,
			);
			defaultConfigurationIsVisible = 0;
			defaultConfigurationName = Release;
		};
		A3084F8F1987E2EB00C30AFA /* Build configuration list for PBXNativeTarget "TBCCore-iOS" */ = {
			isa = XCConfigurationList;
			buildConfigurations = (
				A3084F901987E2EB00C30AFA /* Debug */,
				A3084F911987E2EB00C30AFA /* Release */,
			);
			defaultConfigurationIsVisible = 0;
			defaultConfigurationName = Release;
		};
		A3084F921987E2EB00C30AFA /* Build configuration list for PBXNativeTarget "TBCCoreTests-iOS" */ = {
			isa = XCConfigurationList;
			buildConfigurations = (
				A3084F931987E2EB00C30AFA /* Debug */,
				A3084F941987E2EB00C30AFA /* Release */,
			);
			defaultConfigurationIsVisible = 0;
			defaultConfigurationName = Release;
		};
		A3DBD4AD1987E68C00EDCAD2 /* Build configuration list for PBXNativeTarget "TBCCore-mac" */ = {
			isa = XCConfigurationList;
			buildConfigurations = (
				A3DBD4AE1987E68C00EDCAD2 /* Debug */,
				A3DBD4AF1987E68C00EDCAD2 /* Release */,
			);
			defaultConfigurationIsVisible = 0;
			defaultConfigurationName = Release;
		};
		A3DBD4B01987E68C00EDCAD2 /* Build configuration list for PBXNativeTarget "TBCCoreTests-mac" */ = {
			isa = XCConfigurationList;
			buildConfigurations = (
				A3DBD4B11987E68C00EDCAD2 /* Debug */,
				A3DBD4B21987E68C00EDCAD2 /* Release */,
			);
			defaultConfigurationIsVisible = 0;
			defaultConfigurationName = Release;
		};
		A3DBD4E01987EA6F00EDCAD2 /* Build configuration list for PBXNativeTarget "TBCCoreExample-iOS" */ = {
			isa = XCConfigurationList;
			buildConfigurations = (
				A3DBD4E11987EA6F00EDCAD2 /* Debug */,
				A3DBD4E21987EA6F00EDCAD2 /* Release */,
			);
			defaultConfigurationIsVisible = 0;
			defaultConfigurationName = Release;
		};
		A3DBD4E31987EA6F00EDCAD2 /* Build configuration list for PBXNativeTarget "TBCCoreExampleTests-iOS" */ = {
			isa = XCConfigurationList;
			buildConfigurations = (
				A3DBD4E41987EA6F00EDCAD2 /* Debug */,
				A3DBD4E51987EA6F00EDCAD2 /* Release */,
			);
			defaultConfigurationIsVisible = 0;
			defaultConfigurationName = Release;
		};
/* End XCConfigurationList section */
	};
	rootObject = A3084F641987E2EB00C30AFA /* Project object */;
}
